{
  "name": "qrdot-event-ticket-example",
  "version": "0.1.0",
  "lockfileVersion": 3,
  "requires": true,
  "packages": {
    "": {
      "name": "qrdot-event-ticket-example",
      "version": "0.1.0",
      "dependencies": {
        "@qrdot/sdk": "^0.1.2"
      },
      "engines": {
        "node": ">=20"
      }
    },
    "node_modules/@qrdot/sdk": {
      "version": "0.1.2",
      "resolved": "https://registry.npmjs.org/@qrdot/sdk/-/sdk-0.1.2.tgz",
      "integrity": "sha512-TY6c5UWvbBVi3wvJlKLXrqbVkobyvIWglntQ21JhFCnlPekSfhPB8MhF05VwHBy0VgmtOWnLHktuoOeZloyT8w==",
      "license": "MIT",
      "dependencies": {
        "@qrdot/shared": "^0.1.1"
      },
      "engines": {
        "node": ">=20"
      }
    },
    "node_modules/@qrdot/shared": {
      "version": "0.1.1",
      "resolved": "https://registry.npmjs.org/@qrdot/shared/-/shared-0.1.1.tgz",
      "integrity": "sha512-8B+1r6AZyS9tXiEw7xaafdpbqHMbRrYwbcErAgUd7M6cEYqnYWbZXHEECWBtmcmxFDmhbS6u1v3vOeSxOTVTrA==",
      "license": "MIT",
      "dependencies": {
        "zod": "^3.24.1"
      },
      "engines": {
        "node": ">=20"
      }
    },
    "node_modules/zod": {
      "version": "3.25.76",
      "resolved": "https://registry.npmjs.org/zod/-/zod-3.25.76.tgz",
      "integrity": "sha512-gzUt/qt81nXsFGKIFcC3YnfEAx5NkunCfnDlvuBSSFS02bcXu4Lmea0AFIUwbLWxWPx3d9p8S5QoaujKcNQxcQ==",
      "license": "MIT",
      "funding": {
        "url": "https://github.com/sponsors/colinhacks"
      }
    }
  }
}
